
Microsoft Visual Studio Solution File, Format Version 12.00
# Visual Studio Version 16
VisualStudioVersion = 16.0.33801.447
MinimumVisualStudioVersion = 10.0.40219.1
Project("{FAE04EC0-301F-11D3-BF4B-00C04F79EFBC}") = "PM01_520_Komolov", "PM01_520_Komolov\PM01_520_Komolov.csproj", "{F491E8FF-0C63-420B-9F3C-DFFABA365A06}"
EndProject
Global
	GlobalSection(SolutionConfigurationPlatforms) = preSolution
		Debug|Any CPU = Debug|Any CPU
		Release|Any CPU = Release|Any CPU
	EndGlobalSection
	GlobalSection(ProjectConfigurationPlatforms) = postSolution
		{F491E8FF-0C63-420B-9F3C-DFFABA365A06}.Debug|Any CPU.ActiveCfg = Debug|Any CPU
		{F491E8FF-0C63-420B-9F3C-DFFABA365A06}.Debug|Any CPU.Build.0 = Debug|Any CPU
		{F491E8FF-0C63-420B-9F3C-DFFABA365A06}.Release|Any CPU.ActiveCfg = Release|Any CPU
		{F491E8FF-0C63-420B-9F3C-DFFABA365A06}.Release|Any CPU.Build.0 = Release|Any CPU
	EndGlobalSection
	GlobalSection(SolutionProperties) = preSolution
		HideSolutionNode = FALSE
	EndGlobalSection
	GlobalSection(ExtensibilityGlobals) = postSolution
		SolutionGuid = {5B94AD9F-C7C6-49F4-B150-8FC5F160C67C}
	EndGlobalSection
EndGlobal
